// !$*UTF8*$!
{
	archiveVersion = 1;
	classes = {
	};
	objectVersion = 46;
	objects = {

/* Begin PBXBuildFile section */
		3C370CD71E6EE360001681B1 /* AppDelegate.swift in Sources */ = {isa = PBXBuildFile; fileRef = 3C370CD61E6EE360001681B1 /* AppDelegate.swift */; };
		3C370CD91E6EE360001681B1 /* ViewController.swift in Sources */ = {isa = PBXBuildFile; fileRef = 3C370CD81E6EE360001681B1 /* ViewController.swift */; };
		3C370CDB1E6EE360001681B1 /* Assets.xcassets in Resources */ = {isa = PBXBuildFile; fileRef = 3C370CDA1E6EE360001681B1 /* Assets.xcassets */; };
		3C370CDE1E6EE360001681B1 /* Main.storyboard in Resources */ = {isa = PBXBuildFile; fileRef = 3C370CDC1E6EE360001681B1 /* Main.storyboard */; };
		3C370CE91E6EE360001681B1 /* midrafflerTests.swift in Sources */ = {isa = PBXBuildFile; fileRef = 3C370CE81E6EE360001681B1 /* midrafflerTests.swift */; };
		3C370CF41E6EE361001681B1 /* midrafflerUITests.swift in Sources */ = {isa = PBXBuildFile; fileRef = 3C370CF31E6EE361001681B1 /* midrafflerUITests.swift */; };
/* End PBXBuildFile section */

/* Begin PBXContainerItemProxy section */
		3C370CE51E6EE360001681B1 /* PBXContainerItemProxy */ = {
			isa = PBXContainerItemProxy;
			containerPortal = 3C370CCB1E6EE360001681B1 /* Project object */;
			proxyType = 1;
			remoteGlobalIDString = 3C370CD21E6EE360001681B1;
			remoteInfo = midraffler;
		};
		3C370CF01E6EE360001681B1 /* PBXContainerItemProxy */ = {
			isa = PBXContainerItemProxy;
			containerPortal = 3C370CCB1E6EE360001681B1 /* Project object */;
			proxyType = 1;
			remoteGlobalIDString = 3C370CD21E6EE360001681B1;
			remoteInfo = midraffler;
		};
/* End PBXContainerItemProxy section */

/* Begin PBXFileReference section */
		3C370CD31E6EE360001681B1 /* midraffler.app */ = {isa = PBXFileReference; explicitFileType = wrapper.application; includeInIndex = 0; path = midraffler.app; sourceTree = BUILT_PRODUCTS_DIR; };
		3C370CD61E6EE360001681B1 /* AppDelegate.swift */ = {isa = PBXFileReference; lastKnownFileType = sourcecode.swift; path = AppDelegate.swift; sourceTree = "<group>"; };
		3C370CD81E6EE360001681B1 /* ViewController.swift */ = {isa = PBXFileReference; lastKnownFileType = sourcecode.swift; path = ViewController.swift; sourceTree = "<group>"; };
		3C370CDA1E6EE360001681B1 /* Assets.xcassets */ = {isa = PBXFileReference; lastKnownFileType = folder.assetcatalog; path = Assets.xcassets; sourceTree = "<group>"; };
		3C370CDD1E6EE360001681B1 /* Base */ = {isa = PBXFileReference; lastKnownFileType = file.storyboard; name = Base; path = Base.lproj/Main.storyboard; sourceTree = "<group>"; };
		3C370CDF1E6EE360001681B1 /* Info.plist */ = {isa = PBXFileReference; lastKnownFileType = text.plist.xml; path = Info.plist; sourceTree = "<group>"; };
		3C370CE41E6EE360001681B1 /* midrafflerTests.xctest */ = {isa = PBXFileReference; explicitFileType = wrapper.cfbundle; includeInIndex = 0; path = midrafflerTests.xctest; sourceTree = BUILT_PRODUCTS_DIR; };
		3C370CE81E6EE360001681B1 /* midrafflerTests.swift */ = {isa = PBXFileReference; lastKnownFileType = sourcecode.swift; path = midrafflerTests.swift; sourceTree = "<group>"; };
		3C370CEA1E6EE360001681B1 /* Info.plist */ = {isa = PBXFileReference; lastKnownFileType = text.plist.xml; path = Info.plist; sourceTree = "<group>"; };
		3C370CEF1E6EE360001681B1 /* midrafflerUITests.xctest */ = {isa = PBXFileReference; explicitFileType = wrapper.cfbundle; includeInIndex = 0; path = midrafflerUITests.xctest; sourceTree = BUILT_PRODUCTS_DIR; };
		3C370CF31E6EE361001681B1 /* midrafflerUITests.swift */ = {isa = PBXFileReference; lastKnownFileType = sourcecode.swift; path = midrafflerUITests.swift; sourceTree = "<group>"; };
		3C370CF51E6EE361001681B1 /* Info.plist */ = {isa = PBXFileReference; lastKnownFileType = text.plist.xml; path = Info.plist; sourceTree = "<group>"; };
/* End PBXFileReference section */

/* Begin PBXFrameworksBuildPhase section */
		3C370CD01E6EE360001681B1 /* Frameworks */ = {
			isa = PBXFrameworksBuildPhase;
			buildActionMask = 2147483647;
			files = (
			);
			runOnlyForDeploymentPostprocessing = 0;
		};
		3C370CE11E6EE360001681B1 /* Frameworks */ = {
			isa = PBXFrameworksBuildPhase;
			buildActionMask = 2147483647;
			files = (
			);
			runOnlyForDeploymentPostprocessing = 0;
		};
		3C370CEC1E6EE360001681B1 /* Frameworks */ = {
			isa = PBXFrameworksBuildPhase;
			buildActionMask = 2147483647;
			files = (
			);
			runOnlyForDeploymentPostprocessing = 0;
		};
/* End PBXFrameworksBuildPhase section */

/* Begin PBXGroup section */
		3C370CCA1E6EE360001681B1 = {
			isa = PBXGroup;
			children = (
				3C370CD51E6EE360001681B1 /* midraffler */,
				3C370CE71E6EE360001681B1 /* midrafflerTests */,
				3C370CF21E6EE360001681B1 /* midrafflerUITests */,
				3C370CD41E6EE360001681B1 /* Products */,
			);
			sourceTree = "<group>";
		};
		3C370CD41E6EE360001681B1 /* Products */ = {
			isa = PBXGroup;
			children = (
				3C370CD31E6EE360001681B1 /* midraffler.app */,
				3C370CE41E6EE360001681B1 /* midrafflerTests.xctest */,
				3C370CEF1E6EE360001681B1 /* midrafflerUITests.xctest */,
			);
			name = Products;
			sourceTree = "<group>";
		};
		3C370CD51E6EE360001681B1 /* midraffler */ = {
			isa = PBXGroup;
			children = (
				3C370CD61E6EE360001681B1 /* AppDelegate.swift */,
				3C370CD81E6EE360001681B1 /* ViewController.swift */,
				3C370CDA1E6EE360001681B1 /* Assets.xcassets */,
				3C370CDC1E6EE360001681B1 /* Main.storyboard */,
				3C370CDF1E6EE360001681B1 /* Info.plist */,
			);
			path = midraffler;
			sourceTree = "<group>";
		};
		3C370CE71E6EE360001681B1 /* midrafflerTests */ = {
			isa = PBXGroup;
			children = (
				3C370CE81E6EE360001681B1 /* midrafflerTests.swift */,
				3C370CEA1E6EE360001681B1 /* Info.plist */,
			);
			path = midrafflerTests;
			sourceTree = "<group>";
		};
		3C370CF21E6EE360001681B1 /* midrafflerUITests */ = {
			isa = PBXGroup;
			children = (
				3C370CF31E6EE361001681B1 /* midrafflerUITests.swift */,
				3C370CF51E6EE361001681B1 /* Info.plist */,
			);
			path = midrafflerUITests;
			sourceTree = "<group>";
		};
/* End PBXGroup section */

/* Begin PBXNativeTarget section */
		3C370CD21E6EE360001681B1 /* midraffler */ = {
			isa = PBXNativeTarget;
			buildConfigurationList = 3C370CF81E6EE361001681B1 /* Build configuration list for PBXNativeTarget "midraffler" */;
			buildPhases = (
				3C370CCF1E6EE360001681B1 /* Sources */,
				3C370CD01E6EE360001681B1 /* Frameworks */,
				3C370CD11E6EE360001681B1 /* Resources */,
			);
			buildRules = (
			);
			dependencies = (
			);
			name = midraffler;
			productName = midraffler;
			productReference = 3C370CD31E6EE360001681B1 /* midraffler.app */;
			productType = "com.apple.product-type.application";
		};
		3C370CE31E6EE360001681B1 /* midrafflerTests */ = {
			isa = PBXNativeTarget;
			buildConfigurationList = 3C370CFB1E6EE361001681B1 /* Build configuration list for PBXNativeTarget "midrafflerTests" */;
			buildPhases = (
				3C370CE01E6EE360001681B1 /* Sources */,
				3C370CE11E6EE360001681B1 /* Frameworks */,
				3C370CE21E6EE360001681B1 /* Resources */,
			);
			buildRules = (
			);
			dependencies = (
				3C370CE61E6EE360001681B1 /* PBXTargetDependency */,
			);
			name = midrafflerTests;
			productName = midrafflerTests;
			productReference = 3C370CE41E6EE360001681B1 /* midrafflerTests.xctest */;
			productType = "com.apple.product-type.bundle.unit-test";
		};
		3C370CEE1E6EE360001681B1 /* midrafflerUITests */ = {
			isa = PBXNativeTarget;
			buildConfigurationList = 3C370CFE1E6EE361001681B1 /* Build configuration list for PBXNativeTarget "midrafflerUITests" */;
			buildPhases = (
				3C370CEB1E6EE360001681B1 /* Sources */,
				3C370CEC1E6EE360001681B1 /* Frameworks */,
				3C370CED1E6EE360001681B1 /* Resources */,
			);
			buildRules = (
			);
			dependencies = (
				3C370CF11E6EE360001681B1 /* PBXTargetDependency */,
			);
			name = midrafflerUITests;
			productName = midrafflerUITests;
			productReference = 3C370CEF1E6EE360001681B1 /* midrafflerUITests.xctest */;
			productType = "com.apple.product-type.bundle.ui-testing";
		};
/* End PBXNativeTarget section */

/* Begin PBXProject section */
		3C370CCB1E6EE360001681B1 /* Project object */ = {
			isa = PBXProject;
			attributes = {
				LastSwiftUpdateCheck = 0820;
				LastUpgradeCheck = 0820;
				ORGANIZATIONNAME = LINE;
				TargetAttributes = {
					3C370CD21E6EE360001681B1 = {
						CreatedOnToolsVersion = 8.2;
						DevelopmentTeam = UYHE8D7YFQ;
						ProvisioningStyle = Automatic;
					};
					3C370CE31E6EE360001681B1 = {
						CreatedOnToolsVersion = 8.2;
						DevelopmentTeam = UYHE8D7YFQ;
						ProvisioningStyle = Automatic;
						TestTargetID = 3C370CD21E6EE360001681B1;
					};
					3C370CEE1E6EE360001681B1 = {
						CreatedOnToolsVersion = 8.2;
						DevelopmentTeam = UYHE8D7YFQ;
						ProvisioningStyle = Automatic;
						TestTargetID = 3C370CD21E6EE360001681B1;
					};
				};
			};
			buildConfigurationList = 3C370CCE1E6EE360001681B1 /* Build configuration list for PBXProject "midraffler" */;
			compatibilityVersion = "Xcode 3.2";
			developmentRegion = English;
			hasScannedForEncodings = 0;
			knownRegions = (
				en,
				Base,
			);
			mainGroup = 3C370CCA1E6EE360001681B1;
			productRefGroup = 3C370CD41E6EE360001681B1 /* Products */;
			projectDirPath = "";
			projectRoot = "";
			targets = (
				3C370CD21E6EE360001681B1 /* midraffler */,
				3C370CE31E6EE360001681B1 /* midrafflerTests */,
				3C370CEE1E6EE360001681B1 /* midrafflerUITests */,
			);
		};
/* End PBXProject section */

/* Begin PBXResourcesBuildPhase section */
		3C370CD11E6EE360001681B1 /* Resources */ = {
			isa = PBXResourcesBuildPhase;
			buildActionMask = 2147483647;
			files = (
				3C370CDB1E6EE360001681B1 /* Assets.xcassets in Resources */,
				3C370CDE1E6EE360001681B1 /* Main.storyboard in Resources */,
			);
			runOnlyForDeploymentPostprocessing = 0;
		};
		3C370CE21E6EE360001681B1 /* Resources */ = {
			isa = PBXResourcesBuildPhase;
			buildActionMask = 2147483647;
			files = (
			);
			runOnlyForDeploymentPostprocessing = 0;
		};
		3C370CED1E6EE360001681B1 /* Resources */ = {
			isa = PBXResourcesBuildPhase;
			buildActionMask = 2147483647;
			files = (
			);
			runOnlyForDeploymentPostprocessing = 0;
		};
/* End PBXResourcesBuildPhase section */

/* Begin PBXSourcesBuildPhase section */
		3C370CCF1E6EE360001681B1 /* Sources */ = {
			isa = PBXSourcesBuildPhase;
			buildActionMask = 2147483647;
			files = (
				3C370CD91E6EE360001681B1 /* ViewController.swift in Sources */,
				3C370CD71E6EE360001681B1 /* AppDelegate.swift in Sources */,
			);
			runOnlyForDeploymentPostprocessing = 0;
		};
		3C370CE01E6EE360001681B1 /* Sources */ = {
			isa = PBXSourcesBuildPhase;
			buildActionMask = 2147483647;
			files = (
				3C370CE91E6EE360001681B1 /* midrafflerTests.swift in Sources */,
			);
			runOnlyForDeploymentPostprocessing = 0;
		};
		3C370CEB1E6EE360001681B1 /* Sources */ = {
			isa = PBXSourcesBuildPhase;
			buildActionMask = 2147483647;
			files = (
				3C370CF41E6EE361001681B1 /* midrafflerUITests.swift in Sources */,
			);
			runOnlyForDeploymentPostprocessing = 0;
		};
/* End PBXSourcesBuildPhase section */

/* Begin PBXTargetDependency section */
		3C370CE61E6EE360001681B1 /* PBXTargetDependency */ = {
			isa = PBXTargetDependency;
			target = 3C370CD21E6EE360001681B1 /* midraffler */;
			targetProxy = 3C370CE51E6EE360001681B1 /* PBXContainerItemProxy */;
		};
		3C370CF11E6EE360001681B1 /* PBXTargetDependency */ = {
			isa = PBXTargetDependency;
			target = 3C370CD21E6EE360001681B1 /* midraffler */;
			targetProxy = 3C370CF01E6EE360001681B1 /* PBXContainerItemProxy */;
		};
/* End PBXTargetDependency section */

/* Begin PBXVariantGroup section */
		3C370CDC1E6EE360001681B1 /* Main.storyboard */ = {
			isa = PBXVariantGroup;
			children = (
				3C370CDD1E6EE360001681B1 /* Base */,
			);
			name = Main.storyboard;
			sourceTree = "<group>";
		};
/* End PBXVariantGroup section */

/* Begin XCBuildConfiguration section */
		3C370CF61E6EE361001681B1 /* Debug */ = {
			isa = XCBuildConfiguration;
			buildSettings = {
				ALWAYS_SEARCH_USER_PATHS = NO;
				CLANG_ANALYZER_NONNULL = YES;
				CLANG_CXX_LANGUAGE_STANDARD = "gnu++0x";
				CLANG_CXX_LIBRARY = "libc++";
				CLANG_ENABLE_MODULES = YES;
				CLANG_ENABLE_OBJC_ARC = YES;
				CLANG_WARN_BOOL_CONVERSION = YES;
				CLANG_WARN_CONSTANT_CONVERSION = YES;
				CLANG_WARN_DIRECT_OBJC_ISA_USAGE = YES_ERROR;
				CLANG_WARN_DOCUMENTATION_COMMENTS = YES;
				CLANG_WARN_EMPTY_BODY = YES;
				CLANG_WARN_ENUM_CONVERSION = YES;
				CLANG_WARN_INFINITE_RECURSION = YES;
				CLANG_WARN_INT_CONVERSION = YES;
				CLANG_WARN_OBJC_ROOT_CLASS = YES_ERROR;
				CLANG_WARN_SUSPICIOUS_MOVE = YES;
				CLANG_WARN_UNREACHABLE_CODE = YES;
				CLANG_WARN__DUPLICATE_METHOD_MATCH = YES;
				CODE_SIGN_IDENTITY = "-";
				COPY_PHASE_STRIP = NO;
				DEBUG_INFORMATION_FORMAT = dwarf;
				ENABLE_STRICT_OBJC_MSGSEND = YES;
				ENABLE_TESTABILITY = YES;
				GCC_C_LANGUAGE_STANDARD = gnu99;
				GCC_DYNAMIC_NO_PIC = NO;
				GCC_NO_COMMON_BLOCKS = YES;
				GCC_OPTIMIZATION_LEVEL = 0;
				GCC_PREPROCESSOR_DEFINITIONS = (
					"DEBUG=1",
					"$(inherited)",
				);
				GCC_WARN_64_TO_32_BIT_CONVERSION = YES;
				GCC_WARN_ABOUT_RETURN_TYPE = YES_ERROR;
				GCC_WARN_UNDECLARED_SELECTOR = YES;
				GCC_WARN_UNINITIALIZED_AUTOS = YES_AGGRESSIVE;
				GCC_WARN_UNUSED_FUNCTION = YES;
				GCC_WARN_UNUSED_VARIABLE = YES;
				MACOSX_DEPLOYMENT_TARGET = 10.11;
				MTL_ENABLE_DEBUG_INFO = YES;
				ONLY_ACTIVE_ARCH = YES;
				SDKROOT = macosx;
				SWIFT_ACTIVE_COMPILATION_CONDITIONS = DEBUG;
				SWIFT_OPTIMIZATION_LEVEL = "-Onone";
			};
			name = Debug;
		};
		3C370CF71E6EE361001681B1 /* Release */ = {
			isa = XCBuildConfiguration;
			buildSettings = {
				ALWAYS_SEARCH_USER_PATHS = NO;
				CLANG_ANALYZER_NONNULL = YES;
				CLANG_CXX_LANGUAGE_STANDARD = "gnu++0x";
				CLANG_CXX_LIBRARY = "libc++";
				CLANG_ENABLE_MODULES = YES;
				CLANG_ENABLE_OBJC_ARC = YES;
				CLANG_WARN_BOOL_CONVERSION = YES;
				CLANG_WARN_CONSTANT_CONVERSION = YES;
				CLANG_WARN_DIRECT_OBJC_ISA_USAGE = YES_ERROR;
				CLANG_WARN_DOCUMENTATION_COMMENTS = YES;
				CLANG_WARN_EMPTY_BODY = YES;
				CLANG_WARN_ENUM_CONVERSION = YES;
				CLANG_WARN_INFINITE_RECURSION = YES;
				CLANG_WARN_INT_CONVERSION = YES;
				CLANG_WARN_OBJC_ROOT_CLASS = YES_ERROR;
				CLANG_WARN_SUSPICIOUS_MOVE = YES;
				CLANG_WARN_UNREACHABLE_CODE = YES;
				CLANG_WARN__DUPLICATE_METHOD_MATCH = YES;
				CODE_SIGN_IDENTITY = "-";
				COPY_PHASE_STRIP = NO;
				DEBUG_INFORMATION_FORMAT = "dwarf-with-dsym";
				ENABLE_NS_ASSERTIONS = NO;
				ENABLE_STRICT_OBJC_MSGSEND = YES;
				GCC_C_LANGUAGE_STANDARD = gnu99;
				GCC_NO_COMMON_BLOCKS = YES;
				GCC_WARN_64_TO_32_BIT_CONVERSION = YES;
				GCC_WARN_ABOUT_RETURN_TYPE = YES_ERROR;
				GCC_WARN_UNDECLARED_SELECTOR = YES;
				GCC_WARN_UNINITIALIZED_AUTOS = YES_AGGRESSIVE;
				GCC_WARN_UNUSED_FUNCTION = YES;
				GCC_WARN_UNUSED_VARIABLE = YES;
				MACOSX_DEPLOYMENT_TARGET = 10.11;
				MTL_ENABLE_DEBUG_INFO = NO;
				SDKROOT = macosx;
				SWIFT_OPTIMIZATION_LEVEL = "-Owholemodule";
			};
			name = Release;
		};
		3C370CF91E6EE361001681B1 /* Debug */ = {
			isa = XCBuildConfiguration;
			buildSettings = {
				ASSETCATALOG_COMPILER_APPICON_NAME = AppIcon;
				CODE_SIGN_IDENTITY = "Mac Developer";
				COMBINE_HIDPI_IMAGES = YES;
				DEVELOPMENT_TEAM = UYHE8D7YFQ;
				INFOPLIST_FILE = midraffler/Info.plist;
				LD_RUNPATH_SEARCH_PATHS = "$(inherited) @executable_path/../Frameworks";
				PRODUCT_BUNDLE_IDENTIFIER = com.linecorp.midraffler;
				PRODUCT_NAME = "$(TARGET_NAME)";
				SWIFT_VERSION = 3.0;
			};
			name = Debug;
		};
		3C370CFA1E6EE361001681B1 /* Release */ = {
			isa = XCBuildConfiguration;
			buildSettings = {
				ASSETCATALOG_COMPILER_APPICON_NAME = AppIcon;
				CODE_SIGN_IDENTITY = "Mac Developer";
				COMBINE_HIDPI_IMAGES = YES;
				DEVELOPMENT_TEAM = UYHE8D7YFQ;
				INFOPLIST_FILE = midraffler/Info.plist;
				LD_RUNPATH_SEARCH_PATHS = "$(inherited) @executable_path/../Frameworks";
				PRODUCT_BUNDLE_IDENTIFIER = com.linecorp.midraffler;
				PRODUCT_NAME = "$(TARGET_NAME)";
				SWIFT_VERSION = 3.0;
			};
			name = Release;
		};
		3C370CFC1E6EE361001681B1 /* Debug */ = {
			isa = XCBuildConfiguration;
			buildSettings = {
				ALWAYS_EMBED_SWIFT_STANDARD_LIBRARIES = YES;
				BUNDLE_LOADER = "$(TEST_HOST)";
				COMBINE_HIDPI_IMAGES = YES;
				DEVELOPMENT_TEAM = UYHE8D7YFQ;
				INFOPLIST_FILE = midrafflerTests/Info.plist;
				LD_RUNPATH_SEARCH_PATHS = "$(inherited) @executable_path/../Frameworks @loader_path/../Frameworks";
				PRODUCT_BUNDLE_IDENTIFIER = com.linecorp.midrafflerTests;
				PRODUCT_NAME = "$(TARGET_NAME)";
				SWIFT_VERSION = 3.0;
				TEST_HOST = "$(BUILT_PRODUCTS_DIR)/midraffler.app/Contents/MacOS/midraffler";
			};
			name = Debug;
		};
		3C370CFD1E6EE361001681B1 /* Release */ = {
			isa = XCBuildConfiguration;
			buildSettings = {
				ALWAYS_EMBED_SWIFT_STANDARD_LIBRARIES = YES;
				BUNDLE_LOADER = "$(TEST_HOST)";
				COMBINE_HIDPI_IMAGES = YES;
				DEVELOPMENT_TEAM = UYHE8D7YFQ;
				INFOPLIST_FILE = midrafflerTests/Info.plist;
				LD_RUNPATH_SEARCH_PATHS = "$(inherited) @executable_path/../Frameworks @loader_path/../Frameworks";
				PRODUCT_BUNDLE_IDENTIFIER = com.linecorp.midrafflerTests;
				PRODUCT_NAME = "$(TARGET_NAME)";
				SWIFT_VERSION = 3.0;
				TEST_HOST = "$(BUILT_PRODUCTS_DIR)/midraffler.app/Contents/MacOS/midraffler";
			};
			name = Release;
		};
		3C370CFF1E6EE361001681B1 /* Debug */ = {
			isa = XCBuildConfiguration;
			buildSettings = {
				ALWAYS_EMBED_SWIFT_STANDARD_LIBRARIES = YES;
				COMBINE_HIDPI_IMAGES = YES;
				DEVELOPMENT_TEAM = UYHE8D7YFQ;
				INFOPLIST_FILE = midrafflerUITests/Info.plist;
				LD_RUNPATH_SEARCH_PATHS = "$(inherited) @executable_path/../Frameworks @loader_path/../Frameworks";
				PRODUCT_BUNDLE_IDENTIFIER = com.linecorp.midrafflerUITests;
				PRODUCT_NAME = "$(TARGET_NAME)";
				SWIFT_VERSION = 3.0;
				TEST_TARGET_NAME = midraffler;
			};
			name = Debug;
		};
		3C370D001E6EE361001681B1 /* Release */ = {
			isa = XCBuildConfiguration;
			buildSettings = {
				ALWAYS_EMBED_SWIFT_STANDARD_LIBRARIES = YES;
				COMBINE_HIDPI_IMAGES = YES;
				DEVELOPMENT_TEAM = UYHE8D7YFQ;
				INFOPLIST_FILE = midrafflerUITests/Info.plist;
				LD_RUNPATH_SEARCH_PATHS = "$(inherited) @executable_path/../Frameworks @loader_path/../Frameworks";
				PRODUCT_BUNDLE_IDENTIFIER = com.linecorp.midrafflerUITests;
				PRODUCT_NAME = "$(TARGET_NAME)";
				SWIFT_VERSION = 3.0;
				TEST_TARGET_NAME = midraffler;
			};
			name = Release;
		};
/* End XCBuildConfiguration section */

/* Begin XCConfigurationList section */
		3C370CCE1E6EE360001681B1 /* Build configuration list for PBXProject "midraffler" */ = {
			isa = XCConfigurationList;
			buildConfigurations = (
				3C370CF61E6EE361001681B1 /* Debug */,
				3C370CF71E6EE361001681B1 /* Release */,
			);
			defaultConfigurationIsVisible = 0;
			defaultConfigurationName = Release;
		};
		3C370CF81E6EE361001681B1 /* Build configuration list for PBXNativeTarget "midraffler" */ = {
			isa = XCConfigurationList;
			buildConfigurations = (
				3C370CF91E6EE361001681B1 /* Debug */,
				3C370CFA1E6EE361001681B1 /* Release */,
			);
			defaultConfigurationIsVisible = 0;
		};
		3C370CFB1E6EE361001681B1 /* Build configuration list for PBXNativeTarget "midrafflerTests" */ = {
			isa = XCConfigurationList;
			buildConfigurations = (
				3C370CFC1E6EE361001681B1 /* Debug */,
				3C370CFD1E6EE361001681B1 /* Release */,
			);
			defaultConfigurationIsVisible = 0;
		};
		3C370CFE1E6EE361001681B1 /* Build configuration list for PBXNativeTarget "midrafflerUITests" */ = {
			isa = XCConfigurationList;
			buildConfigurations = (
				3C370CFF1E6EE361001681B1 /* Debug */,
				3C370D001E6EE361001681B1 /* Release */,
			);
			defaultConfigurationIsVisible = 0;
		};
/* End XCConfigurationList section */
	};
	rootObject = 3C370CCB1E6EE360001681B1 /* Project object */;
}
